
Microsoft Visual Studio Solution File, Format Version 12.00
# Visual Studio 2013
VisualStudioVersion = 12.0.31101.0
MinimumVisualStudioVersion = 10.0.40219.1
Project("{FAE04EC0-301F-11D3-BF4B-00C04F79EFBC}") = "chain-of-responsibility", "chain-of-responsibility\chain-of-responsibility.csproj", "{C65674E2-5975-4259-857B-2E64E1CA31B1}"
EndProject
Project("{FAE04EC0-301F-11D3-BF4B-00C04F79EFBC}") = "mediator", "mediator\mediator.csproj", "{0429B831-FF0A-4C5E-A6D3-E72C818D858C}"
EndProject
Project("{FAE04EC0-301F-11D3-BF4B-00C04F79EFBC}") = "command", "command\command.csproj", "{65BE1AE1-7BB6-4B4C-9551-D77C2C2A81AF}"
EndProject
Global
	GlobalSection(SolutionConfigurationPlatforms) = preSolution
		Debug|Any CPU = Debug|Any CPU
		Release|Any CPU = Release|Any CPU
	EndGlobalSection
	GlobalSection(ProjectConfigurationPlatforms) = postSolution
		{C65674E2-5975-4259-857B-2E64E1CA31B1}.Debug|Any CPU.ActiveCfg = Debug|Any CPU
		{C65674E2-5975-4259-857B-2E64E1CA31B1}.Debug|Any CPU.Build.0 = Debug|Any CPU
		{C65674E2-5975-4259-857B-2E64E1CA31B1}.Release|Any CPU.ActiveCfg = Release|Any CPU
		{C65674E2-5975-4259-857B-2E64E1CA31B1}.Release|Any CPU.Build.0 = Release|Any CPU
		{0429B831-FF0A-4C5E-A6D3-E72C818D858C}.Debug|Any CPU.ActiveCfg = Debug|Any CPU
		{0429B831-FF0A-4C5E-A6D3-E72C818D858C}.Debug|Any CPU.Build.0 = Debug|Any CPU
		{0429B831-FF0A-4C5E-A6D3-E72C818D858C}.Release|Any CPU.ActiveCfg = Release|Any CPU
		{0429B831-FF0A-4C5E-A6D3-E72C818D858C}.Release|Any CPU.Build.0 = Release|Any CPU
		{65BE1AE1-7BB6-4B4C-9551-D77C2C2A81AF}.Debug|Any CPU.ActiveCfg = Debug|Any CPU
		{65BE1AE1-7BB6-4B4C-9551-D77C2C2A81AF}.Debug|Any CPU.Build.0 = Debug|Any CPU
		{65BE1AE1-7BB6-4B4C-9551-D77C2C2A81AF}.Release|Any CPU.ActiveCfg = Release|Any CPU
		{65BE1AE1-7BB6-4B4C-9551-D77C2C2A81AF}.Release|Any CPU.Build.0 = Release|Any CPU
	EndGlobalSection
	GlobalSection(SolutionProperties) = preSolution
		HideSolutionNode = FALSE
	EndGlobalSection
EndGlobal
