Microsoft Visual Studio Solution File, Format Version 12.00
# Visual Studio 2013
VisualStudioVersion = 12.0.31101.0
MinimumVisualStudioVersion = 10.0.40219.1
Project("{FAE04EC0-301F-11D3-BF4B-00C04F79EFBC}") = "facade", "facade\facade.csproj", "{116C506E-84BF-4189-9FB0-5C795550E3F8}"
EndProject
Project("{FAE04EC0-301F-11D3-BF4B-00C04F79EFBC}") = "adapter", "adapter\adapter.csproj", "{7326C4D2-36FE-40F4-BAA6-11E928C309A8}"
EndProject
Project("{FAE04EC0-301F-11D3-BF4B-00C04F79EFBC}") = "factory", "factory\factory.csproj", "{BBA901C5-6480-421F-8486-6C15A4F5666A}"
EndProject
Project("{FAE04EC0-301F-11D3-BF4B-00C04F79EFBC}") = "factory-solution", "factory-solution\factory-solution.csproj", "{518B2C52-4899-47E8-B441-2A9E63F54BAB}"
EndProject
Project("{FAE04EC0-301F-11D3-BF4B-00C04F79EFBC}") = "abstract-factory", "abstract-factory\abstract-factory.csproj", "{52628A55-51AF-4787-A5D1-64F4A6691438}"
EndProject
Project("{FAE04EC0-301F-11D3-BF4B-00C04F79EFBC}") = "abstract-factory-solution", "abstract-factory-solution\abstract-factory-solution.csproj", "{E47D67FF-39CE-4BEA-91DD-D3F1D282B637}"
EndProject
Project("{FAE04EC0-301F-11D3-BF4B-00C04F79EFBC}") = "singleton-thread", "singleton-thread\singleton-thread.csproj", "{A8189110-24A6-41D2-BF56-9DA7535475AC}"
EndProject
Project("{FAE04EC0-301F-11D3-BF4B-00C04F79EFBC}") = "prototype", "prototype\prototype.csproj", "{626D3C35-90FB-40A9-B8EA-54EC4488E04C}"
EndProject
Project("{FAE04EC0-301F-11D3-BF4B-00C04F79EFBC}") = "builder", "builder\builder.csproj", "{6FC67110-CC56-48AD-8B3F-D769BF8C7793}"
EndProject
Project("{FAE04EC0-301F-11D3-BF4B-00C04F79EFBC}") = "bridge", "bridge\bridge.csproj", "{090C5FA7-45DB-4320-A270-CF838321CAC0}"
EndProject
Project("{FAE04EC0-301F-11D3-BF4B-00C04F79EFBC}") = "flyweight", "flyweight\flyweight.csproj", "{EAF38518-1D50-4FAB-94C8-144A386FE0D0}"
EndProject
Project("{FAE04EC0-301F-11D3-BF4B-00C04F79EFBC}") = "proxy", "proxy\proxy.csproj", "{D0DA7012-4221-4F78-99F5-0297742CECCE}"
EndProject
Project("{FAE04EC0-301F-11D3-BF4B-00C04F79EFBC}") = "state", "state\state.csproj", "{A0FBD31E-C3AA-4EF0-9FDD-B4F9B18C357D}"
EndProject
Project("{FAE04EC0-301F-11D3-BF4B-00C04F79EFBC}") = "template-method", "template-method\template-method.csproj", "{9D7B44C4-3146-44E5-A558-41D935B5D0E2}"
EndProject
Project("{FAE04EC0-301F-11D3-BF4B-00C04F79EFBC}") = "composite", "composite\composite.csproj", "{439BC462-C162-48D4-AC72-63A70D9841DF}"
EndProject
Project("{FAE04EC0-301F-11D3-BF4B-00C04F79EFBC}") = "decorator", "decorator\decorator.csproj", "{A02FED02-9403-4AE7-B4AA-916F25B60304}"
EndProject
Project("{FAE04EC0-301F-11D3-BF4B-00C04F79EFBC}") = "chain-of-responsibility", "chain-of-responsibility\chain-of-responsibility.csproj", "{C65674E2-5975-4259-857B-2E64E1CA31B1}"
EndProject
Project("{FAE04EC0-301F-11D3-BF4B-00C04F79EFBC}") = "command", "command\command.csproj", "{65BE1AE1-7BB6-4B4C-9551-D77C2C2A81AF}"
EndProject
Project("{FAE04EC0-301F-11D3-BF4B-00C04F79EFBC}") = "iterator", "iterator\iterator.csproj", "{71BF1250-C8F9-4B17-AF92-E3C1930602E7}"
EndProject
Project("{FAE04EC0-301F-11D3-BF4B-00C04F79EFBC}") = "mediator", "mediator\mediator.csproj", "{0429B831-FF0A-4C5E-A6D3-E72C818D858C}"
EndProject
Project("{FAE04EC0-301F-11D3-BF4B-00C04F79EFBC}") = "Paint", "Paint\Paint.csproj", "{A4DFBA36-2BF2-45D5-BD29-E31B2D8E9F9A}"
EndProject
Project("{FAE04EC0-301F-11D3-BF4B-00C04F79EFBC}") = "singleton-ex", "singleton-ex\singleton-ex.csproj", "{EF73A0D5-097A-46BF-89BD-6044AD416A3A}"
EndProject
Project("{FAE04EC0-301F-11D3-BF4B-00C04F79EFBC}") = "facade-ex", "FacadeEx\facade-ex.csproj", "{96C3DEF2-B9EF-4F36-9AD1-E25DD8DFA8E6}"
EndProject
Project("{2150E333-8FDC-42A3-9474-1A3956D46DE8}") = "Solutions", "Solutions", "{D6185FA6-1C04-480C-A4B1-732EF5497708}"
EndProject
Project("{FAE04EC0-301F-11D3-BF4B-00C04F79EFBC}") = "singleton", "singleton\singleton.csproj", "{826C630C-0721-4A84-A769-926CDB8A90D2}"
EndProject
Project("{FAE04EC0-301F-11D3-BF4B-00C04F79EFBC}") = "facade-ex-solution", "facade-ex-solution\facade-ex-solution.csproj", "{51053E52-8256-475F-9D02-3840A90C8798}"
EndProject
Project("{FAE04EC0-301F-11D3-BF4B-00C04F79EFBC}") = "singleton-logger-ex", "singleton-logger-ex\singleton-logger-ex.csproj", "{966FFC31-CEFE-409D-B561-BD5662C7BADE}"
EndProject
Project("{FAE04EC0-301F-11D3-BF4B-00C04F79EFBC}") = "singleton-logger-ex-solution", "singleton-logger-ex-solution\singleton-logger-ex-solution.csproj", "{B0174F01-6D2B-4AFC-84C7-28240622AD00}"
EndProject
Project("{2150E333-8FDC-42A3-9474-1A3956D46DE8}") = "Projects", "Projects", "{2C42E67C-F0F0-445E-A855-E57E09B776E0}"
EndProject
Project("{FAE04EC0-301F-11D3-BF4B-00C04F79EFBC}") = "factory-ex", "factory-ex\factory-ex.csproj", "{D1C6552E-14D7-415B-ADA4-43BE176F5F9A}"
EndProject
Project("{FAE04EC0-301F-11D3-BF4B-00C04F79EFBC}") = "factory-ex-solution", "factory-ex-solution\factory-ex-solution.csproj", "{3DDEA3AE-7962-40D3-BE3D-5932F1238312}"
EndProject
Project("{FAE04EC0-301F-11D3-BF4B-00C04F79EFBC}") = "state-tests", "state-tests\state-tests.csproj", "{CC66D1AB-02D8-4DBA-81CB-82C53F27485B}"
EndProject
Project("{FAE04EC0-301F-11D3-BF4B-00C04F79EFBC}") = "adapter-ex-solution", "adapter-ex-solution\adapter-ex-solution.csproj", "{1032EE03-C70F-4F5E-A5C3-FB21DD94FBFA}"
EndProject
Project("{FAE04EC0-301F-11D3-BF4B-00C04F79EFBC}") = "autofac-console", "autofac-console\autofac-console.csproj", "{E3888E02-7F63-4BC7-A808-3E05EF35055F}"
EndProject
Project("{FAE04EC0-301F-11D3-BF4B-00C04F79EFBC}") = "bridge-ex-1-solution", "bridge-ex-1-solution\bridge-ex-1-solution.csproj", "{0AB8EF46-8504-47AB-B3B5-E5A90B650EB9}"
EndProject
Project("{FAE04EC0-301F-11D3-BF4B-00C04F79EFBC}") = "bridge-ex-remotes-solution", "bridge-ex-remotes-solution\bridge-ex-remotes-solution.csproj", "{11B12AC6-8E50-47C0-9B0C-E68B0A2A1182}"
EndProject
Project("{FAE04EC0-301F-11D3-BF4B-00C04F79EFBC}") = "prototype-ex-solution", "prototype-ex-solution\prototype-ex-solution.csproj", "{99F9C550-EEA9-435B-BDD0-2B7E91F1D06D}"
EndProject
Project("{FAE04EC0-301F-11D3-BF4B-00C04F79EFBC}") = "builder-ex-solution", "builder-ex-solution\builder-ex-solution.csproj", "{01361803-534C-4860-92F5-3B70C5C919FB}"
EndProject
Project("{FAE04EC0-301F-11D3-BF4B-00C04F79EFBC}") = "proxy-ex-solution", "proxy-ex-solution\proxy-ex-solution.csproj", "{C64F37EE-BED9-44B4-8B51-B456CA4CDED4}"
EndProject
Project("{FAE04EC0-301F-11D3-BF4B-00C04F79EFBC}") = "proxy-ex", "proxy-ex\proxy-ex.csproj", "{7CC0A399-1235-40A2-ACDE-FF8EF8477F76}"
EndProject
Project("{FAE04EC0-301F-11D3-BF4B-00C04F79EFBC}") = "state-ex-solution", "state-ex-solution\state-ex-solution.csproj", "{FB6F831E-DA5E-4216-8775-B433FC2148D1}"
EndProject
Project("{FAE04EC0-301F-11D3-BF4B-00C04F79EFBC}") = "decorator-ex", "decorator-ex\decorator-ex.csproj", "{041E9072-A774-40D0-B28A-FCFB6F985548}"
EndProject
Project("{FAE04EC0-301F-11D3-BF4B-00C04F79EFBC}") = "decorator-ex-solution", "decorator-ex-solution\decorator-ex-solution.csproj", "{73B3CBE8-CD69-4597-A1D3-4C6EB2E593C0}"
EndProject
Project("{FAE04EC0-301F-11D3-BF4B-00C04F79EFBC}") = "chain-of-responsiblity-ex", "chain-of-responsiblity-ex\chain-of-responsiblity-ex.csproj", "{F53C8ADE-A369-4B75-92DD-15C899A572A0}"
EndProject
Project("{FAE04EC0-301F-11D3-BF4B-00C04F79EFBC}") = "chain-of-responsibility-ex-solution", "chain-of-responsibility-ex-solution\chain-of-responsibility-ex-solution.csproj", "{14091E68-26C7-455F-9830-6BCBED1E8329}"
EndProject
Project("{FAE04EC0-301F-11D3-BF4B-00C04F79EFBC}") = "iterator-ex", "iterator-ex\iterator-ex.csproj", "{46F28986-9F9F-4635-81C1-9F279FCE6504}"
EndProject
Project("{FAE04EC0-301F-11D3-BF4B-00C04F79EFBC}") = "template-ex-solution", "template-ex-solution\template-ex-solution.csproj", "{990614A5-0EFB-4DDC-A43F-E713450EED45}"
EndProject
Project("{FAE04EC0-301F-11D3-BF4B-00C04F79EFBC}") = "iterator-ex-solution", "iterator-ex-solution\iterator-ex-solution.csproj", "{48CF5727-13BB-4C31-AF0A-9EB596FE4024}"
EndProject
Project("{FAE04EC0-301F-11D3-BF4B-00C04F79EFBC}") = "decorator-reports", "decorator-reports\decorator-reports.csproj", "{77814D2D-1B76-4497-8D28-91F16E43E702}"
EndProject
Project("{FAE04EC0-301F-11D3-BF4B-00C04F79EFBC}") = "strategy-ex", "strategy-ex\strategy-ex.csproj", "{5F1CBF78-D6E6-4BFF-8BDE-A835030E338A}"
EndProject
Project("{FAE04EC0-301F-11D3-BF4B-00C04F79EFBC}") = "strategy-ex-solution", "strategy-ex-solution\strategy-ex-solution.csproj", "{887B5833-E504-46CB-858A-8C9FE0F69024}"
EndProject
Project("{FAE04EC0-301F-11D3-BF4B-00C04F79EFBC}") = "strategy", "strategy\strategy.csproj", "{482F853E-316A-4917-9255-F737A1378525}"
EndProject
Project("{FAE04EC0-301F-11D3-BF4B-00C04F79EFBC}") = "observer", "observer\observer.csproj", "{334F2675-CB56-475B-BD84-B87BB2A4FEA8}"
EndProject
Project("{FAE04EC0-301F-11D3-BF4B-00C04F79EFBC}") = "observer-ex", "observer-ex\observer-ex.csproj", "{EFFA20A1-E504-4617-809C-F6BC9CB1BB60}"
EndProject
Project("{FAE04EC0-301F-11D3-BF4B-00C04F79EFBC}") = "observer-ex-solution", "observer-ex-solution\observer-ex-solution.csproj", "{186DB923-EC22-4F24-A88E-E7638709BDDA}"
EndProject
Project("{FAE04EC0-301F-11D3-BF4B-00C04F79EFBC}") = "command-ex-solution", "command-ex-solution\command-ex-solution.csproj", "{A912CB19-F74C-4AA6-A848-88056A5DD764}"
EndProject
Project("{FAE04EC0-301F-11D3-BF4B-00C04F79EFBC}") = "command-ex", "command-ex\command-ex.csproj", "{5040FF8A-CD0F-485F-9A25-4DE25D2CA65B}"
EndProject
Global
	GlobalSection(SolutionConfigurationPlatforms) = preSolution
		Debug|Any CPU = Debug|Any CPU
		Release|Any CPU = Release|Any CPU
	EndGlobalSection
	GlobalSection(ProjectConfigurationPlatforms) = postSolution
		{116C506E-84BF-4189-9FB0-5C795550E3F8}.Debug|Any CPU.ActiveCfg = Debug|Any CPU
		{116C506E-84BF-4189-9FB0-5C795550E3F8}.Debug|Any CPU.Build.0 = Debug|Any CPU
		{116C506E-84BF-4189-9FB0-5C795550E3F8}.Release|Any CPU.ActiveCfg = Release|Any CPU
		{116C506E-84BF-4189-9FB0-5C795550E3F8}.Release|Any CPU.Build.0 = Release|Any CPU
		{7326C4D2-36FE-40F4-BAA6-11E928C309A8}.Debug|Any CPU.ActiveCfg = Debug|Any CPU
		{7326C4D2-36FE-40F4-BAA6-11E928C309A8}.Debug|Any CPU.Build.0 = Debug|Any CPU
		{7326C4D2-36FE-40F4-BAA6-11E928C309A8}.Release|Any CPU.ActiveCfg = Release|Any CPU
		{7326C4D2-36FE-40F4-BAA6-11E928C309A8}.Release|Any CPU.Build.0 = Release|Any CPU
		{BBA901C5-6480-421F-8486-6C15A4F5666A}.Debug|Any CPU.ActiveCfg = Debug|Any CPU
		{BBA901C5-6480-421F-8486-6C15A4F5666A}.Debug|Any CPU.Build.0 = Debug|Any CPU
		{BBA901C5-6480-421F-8486-6C15A4F5666A}.Release|Any CPU.ActiveCfg = Release|Any CPU
		{BBA901C5-6480-421F-8486-6C15A4F5666A}.Release|Any CPU.Build.0 = Release|Any CPU
		{518B2C52-4899-47E8-B441-2A9E63F54BAB}.Debug|Any CPU.ActiveCfg = Debug|Any CPU
		{518B2C52-4899-47E8-B441-2A9E63F54BAB}.Debug|Any CPU.Build.0 = Debug|Any CPU
		{518B2C52-4899-47E8-B441-2A9E63F54BAB}.Release|Any CPU.ActiveCfg = Release|Any CPU
		{518B2C52-4899-47E8-B441-2A9E63F54BAB}.Release|Any CPU.Build.0 = Release|Any CPU
		{52628A55-51AF-4787-A5D1-64F4A6691438}.Debug|Any CPU.ActiveCfg = Debug|Any CPU
		{52628A55-51AF-4787-A5D1-64F4A6691438}.Debug|Any CPU.Build.0 = Debug|Any CPU
		{52628A55-51AF-4787-A5D1-64F4A6691438}.Release|Any CPU.ActiveCfg = Release|Any CPU
		{52628A55-51AF-4787-A5D1-64F4A6691438}.Release|Any CPU.Build.0 = Release|Any CPU
		{E47D67FF-39CE-4BEA-91DD-D3F1D282B637}.Debug|Any CPU.ActiveCfg = Debug|Any CPU
		{E47D67FF-39CE-4BEA-91DD-D3F1D282B637}.Debug|Any CPU.Build.0 = Debug|Any CPU
		{E47D67FF-39CE-4BEA-91DD-D3F1D282B637}.Release|Any CPU.ActiveCfg = Release|Any CPU
		{E47D67FF-39CE-4BEA-91DD-D3F1D282B637}.Release|Any CPU.Build.0 = Release|Any CPU
		{A8189110-24A6-41D2-BF56-9DA7535475AC}.Debug|Any CPU.ActiveCfg = Debug|Any CPU
		{A8189110-24A6-41D2-BF56-9DA7535475AC}.Debug|Any CPU.Build.0 = Debug|Any CPU
		{A8189110-24A6-41D2-BF56-9DA7535475AC}.Release|Any CPU.ActiveCfg = Release|Any CPU
		{A8189110-24A6-41D2-BF56-9DA7535475AC}.Release|Any CPU.Build.0 = Release|Any CPU
		{626D3C35-90FB-40A9-B8EA-54EC4488E04C}.Debug|Any CPU.ActiveCfg = Debug|Any CPU
		{626D3C35-90FB-40A9-B8EA-54EC4488E04C}.Debug|Any CPU.Build.0 = Debug|Any CPU
		{626D3C35-90FB-40A9-B8EA-54EC4488E04C}.Release|Any CPU.ActiveCfg = Release|Any CPU
		{626D3C35-90FB-40A9-B8EA-54EC4488E04C}.Release|Any CPU.Build.0 = Release|Any CPU
		{6FC67110-CC56-48AD-8B3F-D769BF8C7793}.Debug|Any CPU.ActiveCfg = Debug|Any CPU
		{6FC67110-CC56-48AD-8B3F-D769BF8C7793}.Debug|Any CPU.Build.0 = Debug|Any CPU
		{6FC67110-CC56-48AD-8B3F-D769BF8C7793}.Release|Any CPU.ActiveCfg = Release|Any CPU
		{6FC67110-CC56-48AD-8B3F-D769BF8C7793}.Release|Any CPU.Build.0 = Release|Any CPU
		{090C5FA7-45DB-4320-A270-CF838321CAC0}.Debug|Any CPU.ActiveCfg = Debug|Any CPU
		{090C5FA7-45DB-4320-A270-CF838321CAC0}.Debug|Any CPU.Build.0 = Debug|Any CPU
		{090C5FA7-45DB-4320-A270-CF838321CAC0}.Release|Any CPU.ActiveCfg = Release|Any CPU
		{090C5FA7-45DB-4320-A270-CF838321CAC0}.Release|Any CPU.Build.0 = Release|Any CPU
		{EAF38518-1D50-4FAB-94C8-144A386FE0D0}.Debug|Any CPU.ActiveCfg = Debug|Any CPU
		{EAF38518-1D50-4FAB-94C8-144A386FE0D0}.Debug|Any CPU.Build.0 = Debug|Any CPU
		{EAF38518-1D50-4FAB-94C8-144A386FE0D0}.Release|Any CPU.ActiveCfg = Release|Any CPU
		{EAF38518-1D50-4FAB-94C8-144A386FE0D0}.Release|Any CPU.Build.0 = Release|Any CPU
		{D0DA7012-4221-4F78-99F5-0297742CECCE}.Debug|Any CPU.ActiveCfg = Debug|Any CPU
		{D0DA7012-4221-4F78-99F5-0297742CECCE}.Debug|Any CPU.Build.0 = Debug|Any CPU
		{D0DA7012-4221-4F78-99F5-0297742CECCE}.Release|Any CPU.ActiveCfg = Release|Any CPU
		{D0DA7012-4221-4F78-99F5-0297742CECCE}.Release|Any CPU.Build.0 = Release|Any CPU
		{A0FBD31E-C3AA-4EF0-9FDD-B4F9B18C357D}.Debug|Any CPU.ActiveCfg = Debug|Any CPU
		{A0FBD31E-C3AA-4EF0-9FDD-B4F9B18C357D}.Debug|Any CPU.Build.0 = Debug|Any CPU
		{A0FBD31E-C3AA-4EF0-9FDD-B4F9B18C357D}.Release|Any CPU.ActiveCfg = Release|Any CPU
		{A0FBD31E-C3AA-4EF0-9FDD-B4F9B18C357D}.Release|Any CPU.Build.0 = Release|Any CPU
		{9D7B44C4-3146-44E5-A558-41D935B5D0E2}.Debug|Any CPU.ActiveCfg = Debug|Any CPU
		{9D7B44C4-3146-44E5-A558-41D935B5D0E2}.Debug|Any CPU.Build.0 = Debug|Any CPU
		{9D7B44C4-3146-44E5-A558-41D935B5D0E2}.Release|Any CPU.ActiveCfg = Release|Any CPU
		{9D7B44C4-3146-44E5-A558-41D935B5D0E2}.Release|Any CPU.Build.0 = Release|Any CPU
		{439BC462-C162-48D4-AC72-63A70D9841DF}.Debug|Any CPU.ActiveCfg = Debug|Any CPU
		{439BC462-C162-48D4-AC72-63A70D9841DF}.Debug|Any CPU.Build.0 = Debug|Any CPU
		{439BC462-C162-48D4-AC72-63A70D9841DF}.Release|Any CPU.ActiveCfg = Release|Any CPU
		{439BC462-C162-48D4-AC72-63A70D9841DF}.Release|Any CPU.Build.0 = Release|Any CPU
		{A02FED02-9403-4AE7-B4AA-916F25B60304}.Debug|Any CPU.ActiveCfg = Debug|Any CPU
		{A02FED02-9403-4AE7-B4AA-916F25B60304}.Debug|Any CPU.Build.0 = Debug|Any CPU
		{A02FED02-9403-4AE7-B4AA-916F25B60304}.Release|Any CPU.ActiveCfg = Release|Any CPU
		{A02FED02-9403-4AE7-B4AA-916F25B60304}.Release|Any CPU.Build.0 = Release|Any CPU
		{C65674E2-5975-4259-857B-2E64E1CA31B1}.Debug|Any CPU.ActiveCfg = Debug|Any CPU
		{C65674E2-5975-4259-857B-2E64E1CA31B1}.Debug|Any CPU.Build.0 = Debug|Any CPU
		{C65674E2-5975-4259-857B-2E64E1CA31B1}.Release|Any CPU.ActiveCfg = Release|Any CPU
		{C65674E2-5975-4259-857B-2E64E1CA31B1}.Release|Any CPU.Build.0 = Release|Any CPU
		{65BE1AE1-7BB6-4B4C-9551-D77C2C2A81AF}.Debug|Any CPU.ActiveCfg = Debug|Any CPU
		{65BE1AE1-7BB6-4B4C-9551-D77C2C2A81AF}.Debug|Any CPU.Build.0 = Debug|Any CPU
		{65BE1AE1-7BB6-4B4C-9551-D77C2C2A81AF}.Release|Any CPU.ActiveCfg = Release|Any CPU
		{65BE1AE1-7BB6-4B4C-9551-D77C2C2A81AF}.Release|Any CPU.Build.0 = Release|Any CPU
		{71BF1250-C8F9-4B17-AF92-E3C1930602E7}.Debug|Any CPU.ActiveCfg = Debug|Any CPU
		{71BF1250-C8F9-4B17-AF92-E3C1930602E7}.Debug|Any CPU.Build.0 = Debug|Any CPU
		{71BF1250-C8F9-4B17-AF92-E3C1930602E7}.Release|Any CPU.ActiveCfg = Release|Any CPU
		{71BF1250-C8F9-4B17-AF92-E3C1930602E7}.Release|Any CPU.Build.0 = Release|Any CPU
		{0429B831-FF0A-4C5E-A6D3-E72C818D858C}.Debug|Any CPU.ActiveCfg = Debug|Any CPU
		{0429B831-FF0A-4C5E-A6D3-E72C818D858C}.Debug|Any CPU.Build.0 = Debug|Any CPU
		{0429B831-FF0A-4C5E-A6D3-E72C818D858C}.Release|Any CPU.ActiveCfg = Release|Any CPU
		{0429B831-FF0A-4C5E-A6D3-E72C818D858C}.Release|Any CPU.Build.0 = Release|Any CPU
		{A4DFBA36-2BF2-45D5-BD29-E31B2D8E9F9A}.Debug|Any CPU.ActiveCfg = Debug|Any CPU
		{A4DFBA36-2BF2-45D5-BD29-E31B2D8E9F9A}.Debug|Any CPU.Build.0 = Debug|Any CPU
		{A4DFBA36-2BF2-45D5-BD29-E31B2D8E9F9A}.Release|Any CPU.ActiveCfg = Release|Any CPU
		{A4DFBA36-2BF2-45D5-BD29-E31B2D8E9F9A}.Release|Any CPU.Build.0 = Release|Any CPU
		{EF73A0D5-097A-46BF-89BD-6044AD416A3A}.Debug|Any CPU.ActiveCfg = Debug|Any CPU
		{EF73A0D5-097A-46BF-89BD-6044AD416A3A}.Debug|Any CPU.Build.0 = Debug|Any CPU
		{EF73A0D5-097A-46BF-89BD-6044AD416A3A}.Release|Any CPU.ActiveCfg = Release|Any CPU
		{EF73A0D5-097A-46BF-89BD-6044AD416A3A}.Release|Any CPU.Build.0 = Release|Any CPU
		{96C3DEF2-B9EF-4F36-9AD1-E25DD8DFA8E6}.Debug|Any CPU.ActiveCfg = Debug|Any CPU
		{96C3DEF2-B9EF-4F36-9AD1-E25DD8DFA8E6}.Debug|Any CPU.Build.0 = Debug|Any CPU
		{96C3DEF2-B9EF-4F36-9AD1-E25DD8DFA8E6}.Release|Any CPU.ActiveCfg = Release|Any CPU
		{96C3DEF2-B9EF-4F36-9AD1-E25DD8DFA8E6}.Release|Any CPU.Build.0 = Release|Any CPU
		{826C630C-0721-4A84-A769-926CDB8A90D2}.Debug|Any CPU.ActiveCfg = Debug|Any CPU
		{826C630C-0721-4A84-A769-926CDB8A90D2}.Debug|Any CPU.Build.0 = Debug|Any CPU
		{826C630C-0721-4A84-A769-926CDB8A90D2}.Release|Any CPU.ActiveCfg = Release|Any CPU
		{826C630C-0721-4A84-A769-926CDB8A90D2}.Release|Any CPU.Build.0 = Release|Any CPU
		{51053E52-8256-475F-9D02-3840A90C8798}.Debug|Any CPU.ActiveCfg = Debug|Any CPU
		{51053E52-8256-475F-9D02-3840A90C8798}.Debug|Any CPU.Build.0 = Debug|Any CPU
		{51053E52-8256-475F-9D02-3840A90C8798}.Release|Any CPU.ActiveCfg = Release|Any CPU
		{51053E52-8256-475F-9D02-3840A90C8798}.Release|Any CPU.Build.0 = Release|Any CPU
		{966FFC31-CEFE-409D-B561-BD5662C7BADE}.Debug|Any CPU.ActiveCfg = Debug|Any CPU
		{966FFC31-CEFE-409D-B561-BD5662C7BADE}.Debug|Any CPU.Build.0 = Debug|Any CPU
		{966FFC31-CEFE-409D-B561-BD5662C7BADE}.Release|Any CPU.ActiveCfg = Release|Any CPU
		{966FFC31-CEFE-409D-B561-BD5662C7BADE}.Release|Any CPU.Build.0 = Release|Any CPU
		{B0174F01-6D2B-4AFC-84C7-28240622AD00}.Debug|Any CPU.ActiveCfg = Debug|Any CPU
		{B0174F01-6D2B-4AFC-84C7-28240622AD00}.Debug|Any CPU.Build.0 = Debug|Any CPU
		{B0174F01-6D2B-4AFC-84C7-28240622AD00}.Release|Any CPU.ActiveCfg = Release|Any CPU
		{B0174F01-6D2B-4AFC-84C7-28240622AD00}.Release|Any CPU.Build.0 = Release|Any CPU
		{D1C6552E-14D7-415B-ADA4-43BE176F5F9A}.Debug|Any CPU.ActiveCfg = Debug|Any CPU
		{D1C6552E-14D7-415B-ADA4-43BE176F5F9A}.Debug|Any CPU.Build.0 = Debug|Any CPU
		{D1C6552E-14D7-415B-ADA4-43BE176F5F9A}.Release|Any CPU.ActiveCfg = Release|Any CPU
		{D1C6552E-14D7-415B-ADA4-43BE176F5F9A}.Release|Any CPU.Build.0 = Release|Any CPU
		{3DDEA3AE-7962-40D3-BE3D-5932F1238312}.Debug|Any CPU.ActiveCfg = Debug|Any CPU
		{3DDEA3AE-7962-40D3-BE3D-5932F1238312}.Debug|Any CPU.Build.0 = Debug|Any CPU
		{3DDEA3AE-7962-40D3-BE3D-5932F1238312}.Release|Any CPU.ActiveCfg = Release|Any CPU
		{3DDEA3AE-7962-40D3-BE3D-5932F1238312}.Release|Any CPU.Build.0 = Release|Any CPU
		{CC66D1AB-02D8-4DBA-81CB-82C53F27485B}.Debug|Any CPU.ActiveCfg = Debug|Any CPU
		{CC66D1AB-02D8-4DBA-81CB-82C53F27485B}.Debug|Any CPU.Build.0 = Debug|Any CPU
		{CC66D1AB-02D8-4DBA-81CB-82C53F27485B}.Release|Any CPU.ActiveCfg = Release|Any CPU
		{CC66D1AB-02D8-4DBA-81CB-82C53F27485B}.Release|Any CPU.Build.0 = Release|Any CPU
		{1032EE03-C70F-4F5E-A5C3-FB21DD94FBFA}.Debug|Any CPU.ActiveCfg = Debug|Any CPU
		{1032EE03-C70F-4F5E-A5C3-FB21DD94FBFA}.Debug|Any CPU.Build.0 = Debug|Any CPU
		{1032EE03-C70F-4F5E-A5C3-FB21DD94FBFA}.Release|Any CPU.ActiveCfg = Release|Any CPU
		{1032EE03-C70F-4F5E-A5C3-FB21DD94FBFA}.Release|Any CPU.Build.0 = Release|Any CPU
		{E3888E02-7F63-4BC7-A808-3E05EF35055F}.Debug|Any CPU.ActiveCfg = Debug|Any CPU
		{E3888E02-7F63-4BC7-A808-3E05EF35055F}.Debug|Any CPU.Build.0 = Debug|Any CPU
		{E3888E02-7F63-4BC7-A808-3E05EF35055F}.Release|Any CPU.ActiveCfg = Release|Any CPU
		{E3888E02-7F63-4BC7-A808-3E05EF35055F}.Release|Any CPU.Build.0 = Release|Any CPU
		{0AB8EF46-8504-47AB-B3B5-E5A90B650EB9}.Debug|Any CPU.ActiveCfg = Debug|Any CPU
		{0AB8EF46-8504-47AB-B3B5-E5A90B650EB9}.Debug|Any CPU.Build.0 = Debug|Any CPU
		{0AB8EF46-8504-47AB-B3B5-E5A90B650EB9}.Release|Any CPU.ActiveCfg = Release|Any CPU
		{0AB8EF46-8504-47AB-B3B5-E5A90B650EB9}.Release|Any CPU.Build.0 = Release|Any CPU
		{11B12AC6-8E50-47C0-9B0C-E68B0A2A1182}.Debug|Any CPU.ActiveCfg = Debug|Any CPU
		{11B12AC6-8E50-47C0-9B0C-E68B0A2A1182}.Debug|Any CPU.Build.0 = Debug|Any CPU
		{11B12AC6-8E50-47C0-9B0C-E68B0A2A1182}.Release|Any CPU.ActiveCfg = Release|Any CPU
		{11B12AC6-8E50-47C0-9B0C-E68B0A2A1182}.Release|Any CPU.Build.0 = Release|Any CPU
		{99F9C550-EEA9-435B-BDD0-2B7E91F1D06D}.Debug|Any CPU.ActiveCfg = Debug|Any CPU
		{99F9C550-EEA9-435B-BDD0-2B7E91F1D06D}.Debug|Any CPU.Build.0 = Debug|Any CPU
		{99F9C550-EEA9-435B-BDD0-2B7E91F1D06D}.Release|Any CPU.ActiveCfg = Release|Any CPU
		{99F9C550-EEA9-435B-BDD0-2B7E91F1D06D}.Release|Any CPU.Build.0 = Release|Any CPU
		{01361803-534C-4860-92F5-3B70C5C919FB}.Debug|Any CPU.ActiveCfg = Debug|Any CPU
		{01361803-534C-4860-92F5-3B70C5C919FB}.Debug|Any CPU.Build.0 = Debug|Any CPU
		{01361803-534C-4860-92F5-3B70C5C919FB}.Release|Any CPU.ActiveCfg = Release|Any CPU
		{01361803-534C-4860-92F5-3B70C5C919FB}.Release|Any CPU.Build.0 = Release|Any CPU
		{C64F37EE-BED9-44B4-8B51-B456CA4CDED4}.Debug|Any CPU.ActiveCfg = Debug|Any CPU
		{C64F37EE-BED9-44B4-8B51-B456CA4CDED4}.Debug|Any CPU.Build.0 = Debug|Any CPU
		{C64F37EE-BED9-44B4-8B51-B456CA4CDED4}.Release|Any CPU.ActiveCfg = Release|Any CPU
		{C64F37EE-BED9-44B4-8B51-B456CA4CDED4}.Release|Any CPU.Build.0 = Release|Any CPU
		{7CC0A399-1235-40A2-ACDE-FF8EF8477F76}.Debug|Any CPU.ActiveCfg = Debug|Any CPU
		{7CC0A399-1235-40A2-ACDE-FF8EF8477F76}.Debug|Any CPU.Build.0 = Debug|Any CPU
		{7CC0A399-1235-40A2-ACDE-FF8EF8477F76}.Release|Any CPU.ActiveCfg = Release|Any CPU
		{7CC0A399-1235-40A2-ACDE-FF8EF8477F76}.Release|Any CPU.Build.0 = Release|Any CPU
		{FB6F831E-DA5E-4216-8775-B433FC2148D1}.Debug|Any CPU.ActiveCfg = Debug|Any CPU
		{FB6F831E-DA5E-4216-8775-B433FC2148D1}.Debug|Any CPU.Build.0 = Debug|Any CPU
		{FB6F831E-DA5E-4216-8775-B433FC2148D1}.Release|Any CPU.ActiveCfg = Release|Any CPU
		{FB6F831E-DA5E-4216-8775-B433FC2148D1}.Release|Any CPU.Build.0 = Release|Any CPU
		{041E9072-A774-40D0-B28A-FCFB6F985548}.Debug|Any CPU.ActiveCfg = Debug|Any CPU
		{041E9072-A774-40D0-B28A-FCFB6F985548}.Debug|Any CPU.Build.0 = Debug|Any CPU
		{041E9072-A774-40D0-B28A-FCFB6F985548}.Release|Any CPU.ActiveCfg = Release|Any CPU
		{041E9072-A774-40D0-B28A-FCFB6F985548}.Release|Any CPU.Build.0 = Release|Any CPU
		{73B3CBE8-CD69-4597-A1D3-4C6EB2E593C0}.Debug|Any CPU.ActiveCfg = Debug|Any CPU
		{73B3CBE8-CD69-4597-A1D3-4C6EB2E593C0}.Debug|Any CPU.Build.0 = Debug|Any CPU
		{73B3CBE8-CD69-4597-A1D3-4C6EB2E593C0}.Release|Any CPU.ActiveCfg = Release|Any CPU
		{73B3CBE8-CD69-4597-A1D3-4C6EB2E593C0}.Release|Any CPU.Build.0 = Release|Any CPU
		{F53C8ADE-A369-4B75-92DD-15C899A572A0}.Debug|Any CPU.ActiveCfg = Debug|Any CPU
		{F53C8ADE-A369-4B75-92DD-15C899A572A0}.Debug|Any CPU.Build.0 = Debug|Any CPU
		{F53C8ADE-A369-4B75-92DD-15C899A572A0}.Release|Any CPU.ActiveCfg = Release|Any CPU
		{F53C8ADE-A369-4B75-92DD-15C899A572A0}.Release|Any CPU.Build.0 = Release|Any CPU
		{14091E68-26C7-455F-9830-6BCBED1E8329}.Debug|Any CPU.ActiveCfg = Debug|Any CPU
		{14091E68-26C7-455F-9830-6BCBED1E8329}.Debug|Any CPU.Build.0 = Debug|Any CPU
		{14091E68-26C7-455F-9830-6BCBED1E8329}.Release|Any CPU.ActiveCfg = Release|Any CPU
		{14091E68-26C7-455F-9830-6BCBED1E8329}.Release|Any CPU.Build.0 = Release|Any CPU
		{46F28986-9F9F-4635-81C1-9F279FCE6504}.Debug|Any CPU.ActiveCfg = Debug|Any CPU
		{46F28986-9F9F-4635-81C1-9F279FCE6504}.Debug|Any CPU.Build.0 = Debug|Any CPU
		{46F28986-9F9F-4635-81C1-9F279FCE6504}.Release|Any CPU.ActiveCfg = Release|Any CPU
		{46F28986-9F9F-4635-81C1-9F279FCE6504}.Release|Any CPU.Build.0 = Release|Any CPU
		{990614A5-0EFB-4DDC-A43F-E713450EED45}.Debug|Any CPU.ActiveCfg = Debug|Any CPU
		{990614A5-0EFB-4DDC-A43F-E713450EED45}.Debug|Any CPU.Build.0 = Debug|Any CPU
		{990614A5-0EFB-4DDC-A43F-E713450EED45}.Release|Any CPU.ActiveCfg = Release|Any CPU
		{990614A5-0EFB-4DDC-A43F-E713450EED45}.Release|Any CPU.Build.0 = Release|Any CPU
		{48CF5727-13BB-4C31-AF0A-9EB596FE4024}.Debug|Any CPU.ActiveCfg = Debug|Any CPU
		{48CF5727-13BB-4C31-AF0A-9EB596FE4024}.Debug|Any CPU.Build.0 = Debug|Any CPU
		{48CF5727-13BB-4C31-AF0A-9EB596FE4024}.Release|Any CPU.ActiveCfg = Release|Any CPU
		{48CF5727-13BB-4C31-AF0A-9EB596FE4024}.Release|Any CPU.Build.0 = Release|Any CPU
		{77814D2D-1B76-4497-8D28-91F16E43E702}.Debug|Any CPU.ActiveCfg = Debug|Any CPU
		{77814D2D-1B76-4497-8D28-91F16E43E702}.Debug|Any CPU.Build.0 = Debug|Any CPU
		{77814D2D-1B76-4497-8D28-91F16E43E702}.Release|Any CPU.ActiveCfg = Release|Any CPU
		{77814D2D-1B76-4497-8D28-91F16E43E702}.Release|Any CPU.Build.0 = Release|Any CPU
		{5F1CBF78-D6E6-4BFF-8BDE-A835030E338A}.Debug|Any CPU.ActiveCfg = Debug|Any CPU
		{5F1CBF78-D6E6-4BFF-8BDE-A835030E338A}.Debug|Any CPU.Build.0 = Debug|Any CPU
		{5F1CBF78-D6E6-4BFF-8BDE-A835030E338A}.Release|Any CPU.ActiveCfg = Release|Any CPU
		{5F1CBF78-D6E6-4BFF-8BDE-A835030E338A}.Release|Any CPU.Build.0 = Release|Any CPU
		{887B5833-E504-46CB-858A-8C9FE0F69024}.Debug|Any CPU.ActiveCfg = Debug|Any CPU
		{887B5833-E504-46CB-858A-8C9FE0F69024}.Debug|Any CPU.Build.0 = Debug|Any CPU
		{887B5833-E504-46CB-858A-8C9FE0F69024}.Release|Any CPU.ActiveCfg = Release|Any CPU
		{887B5833-E504-46CB-858A-8C9FE0F69024}.Release|Any CPU.Build.0 = Release|Any CPU
		{482F853E-316A-4917-9255-F737A1378525}.Debug|Any CPU.ActiveCfg = Debug|Any CPU
		{482F853E-316A-4917-9255-F737A1378525}.Debug|Any CPU.Build.0 = Debug|Any CPU
		{482F853E-316A-4917-9255-F737A1378525}.Release|Any CPU.ActiveCfg = Release|Any CPU
		{482F853E-316A-4917-9255-F737A1378525}.Release|Any CPU.Build.0 = Release|Any CPU
		{334F2675-CB56-475B-BD84-B87BB2A4FEA8}.Debug|Any CPU.ActiveCfg = Debug|Any CPU
		{334F2675-CB56-475B-BD84-B87BB2A4FEA8}.Debug|Any CPU.Build.0 = Debug|Any CPU
		{334F2675-CB56-475B-BD84-B87BB2A4FEA8}.Release|Any CPU.ActiveCfg = Release|Any CPU
		{334F2675-CB56-475B-BD84-B87BB2A4FEA8}.Release|Any CPU.Build.0 = Release|Any CPU
		{EFFA20A1-E504-4617-809C-F6BC9CB1BB60}.Debug|Any CPU.ActiveCfg = Debug|Any CPU
		{EFFA20A1-E504-4617-809C-F6BC9CB1BB60}.Debug|Any CPU.Build.0 = Debug|Any CPU
		{EFFA20A1-E504-4617-809C-F6BC9CB1BB60}.Release|Any CPU.ActiveCfg = Release|Any CPU
		{EFFA20A1-E504-4617-809C-F6BC9CB1BB60}.Release|Any CPU.Build.0 = Release|Any CPU
		{186DB923-EC22-4F24-A88E-E7638709BDDA}.Debug|Any CPU.ActiveCfg = Debug|Any CPU
		{186DB923-EC22-4F24-A88E-E7638709BDDA}.Debug|Any CPU.Build.0 = Debug|Any CPU
		{186DB923-EC22-4F24-A88E-E7638709BDDA}.Release|Any CPU.ActiveCfg = Release|Any CPU
		{186DB923-EC22-4F24-A88E-E7638709BDDA}.Release|Any CPU.Build.0 = Release|Any CPU
		{A912CB19-F74C-4AA6-A848-88056A5DD764}.Debug|Any CPU.ActiveCfg = Debug|Any CPU
		{A912CB19-F74C-4AA6-A848-88056A5DD764}.Debug|Any CPU.Build.0 = Debug|Any CPU
		{A912CB19-F74C-4AA6-A848-88056A5DD764}.Release|Any CPU.ActiveCfg = Release|Any CPU
		{A912CB19-F74C-4AA6-A848-88056A5DD764}.Release|Any CPU.Build.0 = Release|Any CPU
		{5040FF8A-CD0F-485F-9A25-4DE25D2CA65B}.Debug|Any CPU.ActiveCfg = Debug|Any CPU
		{5040FF8A-CD0F-485F-9A25-4DE25D2CA65B}.Debug|Any CPU.Build.0 = Debug|Any CPU
		{5040FF8A-CD0F-485F-9A25-4DE25D2CA65B}.Release|Any CPU.ActiveCfg = Release|Any CPU
		{5040FF8A-CD0F-485F-9A25-4DE25D2CA65B}.Release|Any CPU.Build.0 = Release|Any CPU
	EndGlobalSection
	GlobalSection(SolutionProperties) = preSolution
		HideSolutionNode = FALSE
	EndGlobalSection
	GlobalSection(NestedProjects) = preSolution
		{518B2C52-4899-47E8-B441-2A9E63F54BAB} = {D6185FA6-1C04-480C-A4B1-732EF5497708}
		{E47D67FF-39CE-4BEA-91DD-D3F1D282B637} = {D6185FA6-1C04-480C-A4B1-732EF5497708}
		{A4DFBA36-2BF2-45D5-BD29-E31B2D8E9F9A} = {2C42E67C-F0F0-445E-A855-E57E09B776E0}
		{51053E52-8256-475F-9D02-3840A90C8798} = {D6185FA6-1C04-480C-A4B1-732EF5497708}
		{B0174F01-6D2B-4AFC-84C7-28240622AD00} = {D6185FA6-1C04-480C-A4B1-732EF5497708}
		{3DDEA3AE-7962-40D3-BE3D-5932F1238312} = {D6185FA6-1C04-480C-A4B1-732EF5497708}
		{1032EE03-C70F-4F5E-A5C3-FB21DD94FBFA} = {D6185FA6-1C04-480C-A4B1-732EF5497708}
		{E3888E02-7F63-4BC7-A808-3E05EF35055F} = {2C42E67C-F0F0-445E-A855-E57E09B776E0}
		{0AB8EF46-8504-47AB-B3B5-E5A90B650EB9} = {D6185FA6-1C04-480C-A4B1-732EF5497708}
		{11B12AC6-8E50-47C0-9B0C-E68B0A2A1182} = {D6185FA6-1C04-480C-A4B1-732EF5497708}
		{99F9C550-EEA9-435B-BDD0-2B7E91F1D06D} = {D6185FA6-1C04-480C-A4B1-732EF5497708}
		{01361803-534C-4860-92F5-3B70C5C919FB} = {D6185FA6-1C04-480C-A4B1-732EF5497708}
		{C64F37EE-BED9-44B4-8B51-B456CA4CDED4} = {D6185FA6-1C04-480C-A4B1-732EF5497708}
		{FB6F831E-DA5E-4216-8775-B433FC2148D1} = {D6185FA6-1C04-480C-A4B1-732EF5497708}
		{73B3CBE8-CD69-4597-A1D3-4C6EB2E593C0} = {D6185FA6-1C04-480C-A4B1-732EF5497708}
		{14091E68-26C7-455F-9830-6BCBED1E8329} = {D6185FA6-1C04-480C-A4B1-732EF5497708}
		{990614A5-0EFB-4DDC-A43F-E713450EED45} = {D6185FA6-1C04-480C-A4B1-732EF5497708}
		{48CF5727-13BB-4C31-AF0A-9EB596FE4024} = {D6185FA6-1C04-480C-A4B1-732EF5497708}
		{887B5833-E504-46CB-858A-8C9FE0F69024} = {D6185FA6-1C04-480C-A4B1-732EF5497708}
		{186DB923-EC22-4F24-A88E-E7638709BDDA} = {D6185FA6-1C04-480C-A4B1-732EF5497708}
		{A912CB19-F74C-4AA6-A848-88056A5DD764} = {D6185FA6-1C04-480C-A4B1-732EF5497708}
	EndGlobalSection
EndGlobal
